// !$*UTF8*$!
{
	archiveVersion = 1;
	classes = {
	};
	objectVersion = 56;
	objects = {

/* Begin PBXBuildFile section */
		92ADB2702964993000CF775C /* main.swift in Sources */ = {isa = PBXBuildFile; fileRef = 92ADB26F2964993000CF775C /* main.swift */; };
		92ADB27D29649A1500CF775C /* SwiftImage in Frameworks */ = {isa = PBXBuildFile; productRef = 92ADB27C29649A1500CF775C /* SwiftImage */; };
		92ADB280296529F800CF775C /* ArgumentParser in Frameworks */ = {isa = PBXBuildFile; productRef = 92ADB27F296529F800CF775C /* ArgumentParser */; };
		92ADB2832965E4D600CF775C /* Collections in Frameworks */ = {isa = PBXBuildFile; productRef = 92ADB2822965E4D600CF775C /* Collections */; };
		92ADB2852965E4D600CF775C /* OrderedCollections in Frameworks */ = {isa = PBXBuildFile; productRef = 92ADB2842965E4D600CF775C /* OrderedCollections */; };
/* End PBXBuildFile section */

/* Begin PBXCopyFilesBuildPhase section */
		92ADB26A2964993000CF775C /* CopyFiles */ = {
			isa = PBXCopyFilesBuildPhase;
			buildActionMask = 2147483647;
			dstPath = /usr/share/man/man1/;
			dstSubfolderSpec = 0;
			files = (
			);
			runOnlyForDeploymentPostprocessing = 1;
		};
/* End PBXCopyFilesBuildPhase section */

/* Begin PBXFileReference section */
		92ADB26C2964993000CF775C /* IIgsImageTool */ = {isa = PBXFileReference; explicitFileType = "compiled.mach-o.executable"; includeInIndex = 0; path = IIgsImageTool; sourceTree = BUILT_PRODUCTS_DIR; };
		92ADB26F2964993000CF775C /* main.swift */ = {isa = PBXFileReference; lastKnownFileType = sourcecode.swift; path = main.swift; sourceTree = "<group>"; };
/* End PBXFileReference section */

/* Begin PBXFrameworksBuildPhase section */
		92ADB2692964993000CF775C /* Frameworks */ = {
			isa = PBXFrameworksBuildPhase;
			buildActionMask = 2147483647;
			files = (
				92ADB2832965E4D600CF775C /* Collections in Frameworks */,
				92ADB280296529F800CF775C /* ArgumentParser in Frameworks */,
				92ADB2852965E4D600CF775C /* OrderedCollections in Frameworks */,
				92ADB27D29649A1500CF775C /* SwiftImage in Frameworks */,
			);
			runOnlyForDeploymentPostprocessing = 0;
		};
/* End PBXFrameworksBuildPhase section */

/* Begin PBXGroup section */
		92ADB2632964993000CF775C = {
			isa = PBXGroup;
			children = (
				92ADB26E2964993000CF775C /* IIgsImageTool */,
				92ADB26D2964993000CF775C /* Products */,
			);
			sourceTree = "<group>";
		};
		92ADB26D2964993000CF775C /* Products */ = {
			isa = PBXGroup;
			children = (
				92ADB26C2964993000CF775C /* IIgsImageTool */,
			);
			name = Products;
			sourceTree = "<group>";
		};
		92ADB26E2964993000CF775C /* IIgsImageTool */ = {
			isa = PBXGroup;
			children = (
				92ADB26F2964993000CF775C /* main.swift */,
			);
			path = IIgsImageTool;
			sourceTree = "<group>";
		};
/* End PBXGroup section */

/* Begin PBXNativeTarget section */
		92ADB26B2964993000CF775C /* IIgsImageTool */ = {
			isa = PBXNativeTarget;
			buildConfigurationList = 92ADB2732964993000CF775C /* Build configuration list for PBXNativeTarget "IIgsImageTool" */;
			buildPhases = (
				92ADB2682964993000CF775C /* Sources */,
				92ADB2692964993000CF775C /* Frameworks */,
				92ADB26A2964993000CF775C /* CopyFiles */,
			);
			buildRules = (
			);
			dependencies = (
			);
			name = IIgsImageTool;
			packageProductDependencies = (
				92ADB27C29649A1500CF775C /* SwiftImage */,
				92ADB27F296529F800CF775C /* ArgumentParser */,
				92ADB2822965E4D600CF775C /* Collections */,
				92ADB2842965E4D600CF775C /* OrderedCollections */,
			);
			productName = IIgsImageTool;
			productReference = 92ADB26C2964993000CF775C /* IIgsImageTool */;
			productType = "com.apple.product-type.tool";
		};
/* End PBXNativeTarget section */

/* Begin PBXProject section */
		92ADB2642964993000CF775C /* Project object */ = {
			isa = PBXProject;
			attributes = {
				BuildIndependentTargetsInParallel = 1;
				LastSwiftUpdateCheck = 1410;
				LastUpgradeCheck = 1410;
				TargetAttributes = {
					92ADB26B2964993000CF775C = {
						CreatedOnToolsVersion = 14.1;
					};
				};
			};
			buildConfigurationList = 92ADB2672964993000CF775C /* Build configuration list for PBXProject "IIgsImageTool" */;
			compatibilityVersion = "Xcode 14.0";
			developmentRegion = en;
			hasScannedForEncodings = 0;
			knownRegions = (
				en,
				Base,
			);
			mainGroup = 92ADB2632964993000CF775C;
			packageReferences = (
				92ADB27B29649A1500CF775C /* XCRemoteSwiftPackageReference "swift-image" */,
				92ADB27E296529F800CF775C /* XCRemoteSwiftPackageReference "swift-argument-parser" */,
				92ADB2812965E4D600CF775C /* XCRemoteSwiftPackageReference "swift-collections" */,
			);
			productRefGroup = 92ADB26D2964993000CF775C /* Products */;
			projectDirPath = "";
			projectRoot = "";
			targets = (
				92ADB26B2964993000CF775C /* IIgsImageTool */,
			);
		};
/* End PBXProject section */

/* Begin PBXSourcesBuildPhase section */
		92ADB2682964993000CF775C /* Sources */ = {
			isa = PBXSourcesBuildPhase;
			buildActionMask = 2147483647;
			files = (
				92ADB2702964993000CF775C /* main.swift in Sources */,
			);
			runOnlyForDeploymentPostprocessing = 0;
		};
/* End PBXSourcesBuildPhase section */

/* Begin XCBuildConfiguration section */
		92ADB2712964993000CF775C /* Debug */ = {
			isa = XCBuildConfiguration;
			buildSettings = {
				ALWAYS_SEARCH_USER_PATHS = NO;
				CLANG_ANALYZER_NONNULL = YES;
				CLANG_ANALYZER_NUMBER_OBJECT_CONVERSION = YES_AGGRESSIVE;
				CLANG_CXX_LANGUAGE_STANDARD = "gnu++20";
				CLANG_ENABLE_MODULES = YES;
				CLANG_ENABLE_OBJC_ARC = YES;
				CLANG_ENABLE_OBJC_WEAK = YES;
				CLANG_WARN_BLOCK_CAPTURE_AUTORELEASING = YES;
				CLANG_WARN_BOOL_CONVERSION = YES;
				CLANG_WARN_COMMA = YES;
				CLANG_WARN_CONSTANT_CONVERSION = YES;
				CLANG_WARN_DEPRECATED_OBJC_IMPLEMENTATIONS = YES;
				CLANG_WARN_DIRECT_OBJC_ISA_USAGE = YES_ERROR;
				CLANG_WARN_DOCUMENTATION_COMMENTS = YES;
				CLANG_WARN_EMPTY_BODY = YES;
				CLANG_WARN_ENUM_CONVERSION = YES;
				CLANG_WARN_INFINITE_RECURSION = YES;
				CLANG_WARN_INT_CONVERSION = YES;
				CLANG_WARN_NON_LITERAL_NULL_CONVERSION = YES;
				CLANG_WARN_OBJC_IMPLICIT_RETAIN_SELF = YES;
				CLANG_WARN_OBJC_LITERAL_CONVERSION = YES;
				CLANG_WARN_OBJC_ROOT_CLASS = YES_ERROR;
				CLANG_WARN_QUOTED_INCLUDE_IN_FRAMEWORK_HEADER = YES;
				CLANG_WARN_RANGE_LOOP_ANALYSIS = YES;
				CLANG_WARN_STRICT_PROTOTYPES = YES;
				CLANG_WARN_SUSPICIOUS_MOVE = YES;
				CLANG_WARN_UNGUARDED_AVAILABILITY = YES_AGGRESSIVE;
				CLANG_WARN_UNREACHABLE_CODE = YES;
				CLANG_WARN__DUPLICATE_METHOD_MATCH = YES;
				COPY_PHASE_STRIP = NO;
				DEBUG_INFORMATION_FORMAT = dwarf;
				ENABLE_STRICT_OBJC_MSGSEND = YES;
				ENABLE_TESTABILITY = YES;
				GCC_C_LANGUAGE_STANDARD = gnu11;
				GCC_DYNAMIC_NO_PIC = NO;
				GCC_NO_COMMON_BLOCKS = YES;
				GCC_OPTIMIZATION_LEVEL = 0;
				GCC_PREPROCESSOR_DEFINITIONS = (
					"DEBUG=1",
					"$(inherited)",
				);
				GCC_WARN_64_TO_32_BIT_CONVERSION = YES;
				GCC_WARN_ABOUT_RETURN_TYPE = YES_ERROR;
				GCC_WARN_UNDECLARED_SELECTOR = YES;
				GCC_WARN_UNINITIALIZED_AUTOS = YES_AGGRESSIVE;
				GCC_WARN_UNUSED_FUNCTION = YES;
				GCC_WARN_UNUSED_VARIABLE = YES;
				MACOSX_DEPLOYMENT_TARGET = 12.5;
				MTL_ENABLE_DEBUG_INFO = INCLUDE_SOURCE;
				MTL_FAST_MATH = YES;
				ONLY_ACTIVE_ARCH = YES;
				SDKROOT = macosx;
				SWIFT_ACTIVE_COMPILATION_CONDITIONS = DEBUG;
				SWIFT_OPTIMIZATION_LEVEL = "-Onone";
			};
			name = Debug;
		};
		92ADB2722964993000CF775C /* Release */ = {
			isa = XCBuildConfiguration;
			buildSettings = {
				ALWAYS_SEARCH_USER_PATHS = NO;
				CLANG_ANALYZER_NONNULL = YES;
				CLANG_ANALYZER_NUMBER_OBJECT_CONVERSION = YES_AGGRESSIVE;
				CLANG_CXX_LANGUAGE_STANDARD = "gnu++20";
				CLANG_ENABLE_MODULES = YES;
				CLANG_ENABLE_OBJC_ARC = YES;
				CLANG_ENABLE_OBJC_WEAK = YES;
				CLANG_WARN_BLOCK_CAPTURE_AUTORELEASING = YES;
				CLANG_WARN_BOOL_CONVERSION = YES;
				CLANG_WARN_COMMA = YES;
				CLANG_WARN_CONSTANT_CONVERSION = YES;
				CLANG_WARN_DEPRECATED_OBJC_IMPLEMENTATIONS = YES;
				CLANG_WARN_DIRECT_OBJC_ISA_USAGE = YES_ERROR;
				CLANG_WARN_DOCUMENTATION_COMMENTS = YES;
				CLANG_WARN_EMPTY_BODY = YES;
				CLANG_WARN_ENUM_CONVERSION = YES;
				CLANG_WARN_INFINITE_RECURSION = YES;
				CLANG_WARN_INT_CONVERSION = YES;
				CLANG_WARN_NON_LITERAL_NULL_CONVERSION = YES;
				CLANG_WARN_OBJC_IMPLICIT_RETAIN_SELF = YES;
				CLANG_WARN_OBJC_LITERAL_CONVERSION = YES;
				CLANG_WARN_OBJC_ROOT_CLASS = YES_ERROR;
				CLANG_WARN_QUOTED_INCLUDE_IN_FRAMEWORK_HEADER = YES;
				CLANG_WARN_RANGE_LOOP_ANALYSIS = YES;
				CLANG_WARN_STRICT_PROTOTYPES = YES;
				CLANG_WARN_SUSPICIOUS_MOVE = YES;
				CLANG_WARN_UNGUARDED_AVAILABILITY = YES_AGGRESSIVE;
				CLANG_WARN_UNREACHABLE_CODE = YES;
				CLANG_WARN__DUPLICATE_METHOD_MATCH = YES;
				COPY_PHASE_STRIP = NO;
				DEBUG_INFORMATION_FORMAT = "dwarf-with-dsym";
				ENABLE_NS_ASSERTIONS = NO;
				ENABLE_STRICT_OBJC_MSGSEND = YES;
				GCC_C_LANGUAGE_STANDARD = gnu11;
				GCC_NO_COMMON_BLOCKS = YES;
				GCC_WARN_64_TO_32_BIT_CONVERSION = YES;
				GCC_WARN_ABOUT_RETURN_TYPE = YES_ERROR;
				GCC_WARN_UNDECLARED_SELECTOR = YES;
				GCC_WARN_UNINITIALIZED_AUTOS = YES_AGGRESSIVE;
				GCC_WARN_UNUSED_FUNCTION = YES;
				GCC_WARN_UNUSED_VARIABLE = YES;
				MACOSX_DEPLOYMENT_TARGET = 12.5;
				MTL_ENABLE_DEBUG_INFO = NO;
				MTL_FAST_MATH = YES;
				SDKROOT = macosx;
				SWIFT_COMPILATION_MODE = wholemodule;
				SWIFT_OPTIMIZATION_LEVEL = "-O";
			};
			name = Release;
		};
		92ADB2742964993000CF775C /* Debug */ = {
			isa = XCBuildConfiguration;
			buildSettings = {
				CODE_SIGN_STYLE = Automatic;
				DEVELOPMENT_TEAM = R72X3BF4KE;
				ENABLE_HARDENED_RUNTIME = YES;
				PRODUCT_NAME = "$(TARGET_NAME)";
				SWIFT_VERSION = 5.0;
			};
			name = Debug;
		};
		92ADB2752964993000CF775C /* Release */ = {
			isa = XCBuildConfiguration;
			buildSettings = {
				CODE_SIGN_STYLE = Automatic;
				DEVELOPMENT_TEAM = R72X3BF4KE;
				ENABLE_HARDENED_RUNTIME = YES;
				PRODUCT_NAME = "$(TARGET_NAME)";
				SWIFT_VERSION = 5.0;
			};
			name = Release;
		};
/* End XCBuildConfiguration section */

/* Begin XCConfigurationList section */
		92ADB2672964993000CF775C /* Build configuration list for PBXProject "IIgsImageTool" */ = {
			isa = XCConfigurationList;
			buildConfigurations = (
				92ADB2712964993000CF775C /* Debug */,
				92ADB2722964993000CF775C /* Release */,
			);
			defaultConfigurationIsVisible = 0;
			defaultConfigurationName = Release;
		};
		92ADB2732964993000CF775C /* Build configuration list for PBXNativeTarget "IIgsImageTool" */ = {
			isa = XCConfigurationList;
			buildConfigurations = (
				92ADB2742964993000CF775C /* Debug */,
				92ADB2752964993000CF775C /* Release */,
			);
			defaultConfigurationIsVisible = 0;
			defaultConfigurationName = Release;
		};
/* End XCConfigurationList section */

/* Begin XCRemoteSwiftPackageReference section */
		92ADB27B29649A1500CF775C /* XCRemoteSwiftPackageReference "swift-image" */ = {
			isa = XCRemoteSwiftPackageReference;
			repositoryURL = "https://github.com/koher/swift-image.git";
			requirement = {
				kind = upToNextMajorVersion;
				minimumVersion = 0.7.1;
			};
		};
		92ADB27E296529F800CF775C /* XCRemoteSwiftPackageReference "swift-argument-parser" */ = {
			isa = XCRemoteSwiftPackageReference;
			repositoryURL = "https://github.com/apple/swift-argument-parser.git";
			requirement = {
				kind = upToNextMajorVersion;
				minimumVersion = 1.0.0;
			};
		};
		92ADB2812965E4D600CF775C /* XCRemoteSwiftPackageReference "swift-collections" */ = {
			isa = XCRemoteSwiftPackageReference;
			repositoryURL = "https://github.com/apple/swift-collections.git";
			requirement = {
				kind = upToNextMajorVersion;
				minimumVersion = 1.0.0;
			};
		};
/* End XCRemoteSwiftPackageReference section */

/* Begin XCSwiftPackageProductDependency section */
		92ADB27C29649A1500CF775C /* SwiftImage */ = {
			isa = XCSwiftPackageProductDependency;
			package = 92ADB27B29649A1500CF775C /* XCRemoteSwiftPackageReference "swift-image" */;
			productName = SwiftImage;
		};
		92ADB27F296529F800CF775C /* ArgumentParser */ = {
			isa = XCSwiftPackageProductDependency;
			package = 92ADB27E296529F800CF775C /* XCRemoteSwiftPackageReference "swift-argument-parser" */;
			productName = ArgumentParser;
		};
		92ADB2822965E4D600CF775C /* Collections */ = {
			isa = XCSwiftPackageProductDependency;
			package = 92ADB2812965E4D600CF775C /* XCRemoteSwiftPackageReference "swift-collections" */;
			productName = Collections;
		};
		92ADB2842965E4D600CF775C /* OrderedCollections */ = {
			isa = XCSwiftPackageProductDependency;
			package = 92ADB2812965E4D600CF775C /* XCRemoteSwiftPackageReference "swift-collections" */;
			productName = OrderedCollections;
		};
/* End XCSwiftPackageProductDependency section */
	};
	rootObject = 92ADB2642964993000CF775C /* Project object */;
}
